
Microsoft Visual Studio Solution File, Format Version 12.00
# Visual Studio Version 17
VisualStudioVersion = 17.11.35208.52
MinimumVisualStudioVersion = 10.0.40219.1
Project("{FAE04EC0-301F-11D3-BF4B-00C04F79EFBC}") = "HW14.1", "HW14.1\HW14.1.csproj", "{1E71D36C-C300-4D3A-96FD-089D6FBE4F9E}"
EndProject
Global
	GlobalSection(SolutionConfigurationPlatforms) = preSolution
		Debug|Any CPU = Debug|Any CPU
		Release|Any CPU = Release|Any CPU
	EndGlobalSection
	GlobalSection(ProjectConfigurationPlatforms) = postSolution
		{1E71D36C-C300-4D3A-96FD-089D6FBE4F9E}.Debug|Any CPU.ActiveCfg = Debug|Any CPU
		{1E71D36C-C300-4D3A-96FD-089D6FBE4F9E}.Debug|Any CPU.Build.0 = Debug|Any CPU
		{1E71D36C-C300-4D3A-96FD-089D6FBE4F9E}.Release|Any CPU.ActiveCfg = Release|Any CPU
		{1E71D36C-C300-4D3A-96FD-089D6FBE4F9E}.Release|Any CPU.Build.0 = Release|Any CPU
	EndGlobalSection
	GlobalSection(SolutionProperties) = preSolution
		HideSolutionNode = FALSE
	EndGlobalSection
	GlobalSection(ExtensibilityGlobals) = postSolution
		SolutionGuid = {503ADECC-6370-4123-8FD1-16D08443FDC4}
	EndGlobalSection
EndGlobal
